
Microsoft Visual Studio Solution File, Format Version 12.00
# Visual Studio Version 17
VisualStudioVersion = 17.7.34018.315
MinimumVisualStudioVersion = 10.0.40219.1
Project("{FAE04EC0-301F-11D3-BF4B-00C04F79EFBC}") = "Constructor_Types", "Constructor_Types\Constructor_Types.csproj", "{B2128EE1-0C8B-49B0-8E1A-5B7A9A6B413F}"
EndProject
Global
	GlobalSection(SolutionConfigurationPlatforms) = preSolution
		Debug|Any CPU = Debug|Any CPU
		Release|Any CPU = Release|Any CPU
	EndGlobalSection
	GlobalSection(ProjectConfigurationPlatforms) = postSolution
		{B2128EE1-0C8B-49B0-8E1A-5B7A9A6B413F}.Debug|Any CPU.ActiveCfg = Debug|Any CPU
		{B2128EE1-0C8B-49B0-8E1A-5B7A9A6B413F}.Debug|Any CPU.Build.0 = Debug|Any CPU
		{B2128EE1-0C8B-49B0-8E1A-5B7A9A6B413F}.Release|Any CPU.ActiveCfg = Release|Any CPU
		{B2128EE1-0C8B-49B0-8E1A-5B7A9A6B413F}.Release|Any CPU.Build.0 = Release|Any CPU
	EndGlobalSection
	GlobalSection(SolutionProperties) = preSolution
		HideSolutionNode = FALSE
	EndGlobalSection
	GlobalSection(ExtensibilityGlobals) = postSolution
		SolutionGuid = {5D1D39C7-C3A7-4933-892E-43B2889A73A6}
	EndGlobalSection
EndGlobal
