
Microsoft Visual Studio Solution File, Format Version 12.00
# Visual Studio Version 17
VisualStudioVersion = 17.7.34018.315
MinimumVisualStudioVersion = 10.0.40219.1
Project("{FAE04EC0-301F-11D3-BF4B-00C04F79EFBC}") = "Static_Types", "Static_Types\Static_Types.csproj", "{20C64078-29DD-4249-B20E-91570D899FBC}"
EndProject
Global
	GlobalSection(SolutionConfigurationPlatforms) = preSolution
		Debug|Any CPU = Debug|Any CPU
		Release|Any CPU = Release|Any CPU
	EndGlobalSection
	GlobalSection(ProjectConfigurationPlatforms) = postSolution
		{20C64078-29DD-4249-B20E-91570D899FBC}.Debug|Any CPU.ActiveCfg = Debug|Any CPU
		{20C64078-29DD-4249-B20E-91570D899FBC}.Debug|Any CPU.Build.0 = Debug|Any CPU
		{20C64078-29DD-4249-B20E-91570D899FBC}.Release|Any CPU.ActiveCfg = Release|Any CPU
		{20C64078-29DD-4249-B20E-91570D899FBC}.Release|Any CPU.Build.0 = Release|Any CPU
	EndGlobalSection
	GlobalSection(SolutionProperties) = preSolution
		HideSolutionNode = FALSE
	EndGlobalSection
	GlobalSection(ExtensibilityGlobals) = postSolution
		SolutionGuid = {0D104ED3-EC31-4BD6-9EC0-C2CC4342BC76}
	EndGlobalSection
EndGlobal
