
Microsoft Visual Studio Solution File, Format Version 12.00
# Visual Studio Version 16
VisualStudioVersion = 16.0.33927.289
MinimumVisualStudioVersion = 10.0.40219.1
Project("{FAE04EC0-301F-11D3-BF4B-00C04F79EFBC}") = "ClassTypes", "ClassTypes.csproj", "{AE9D6350-F427-4D4F-BD59-BA2128B08D8A}"
EndProject
Global
	GlobalSection(SolutionConfigurationPlatforms) = preSolution
		Debug|Any CPU = Debug|Any CPU
		Release|Any CPU = Release|Any CPU
	EndGlobalSection
	GlobalSection(ProjectConfigurationPlatforms) = postSolution
		{AE9D6350-F427-4D4F-BD59-BA2128B08D8A}.Debug|Any CPU.ActiveCfg = Debug|Any CPU
		{AE9D6350-F427-4D4F-BD59-BA2128B08D8A}.Debug|Any CPU.Build.0 = Debug|Any CPU
		{AE9D6350-F427-4D4F-BD59-BA2128B08D8A}.Release|Any CPU.ActiveCfg = Release|Any CPU
		{AE9D6350-F427-4D4F-BD59-BA2128B08D8A}.Release|Any CPU.Build.0 = Release|Any CPU
	EndGlobalSection
	GlobalSection(SolutionProperties) = preSolution
		HideSolutionNode = FALSE
	EndGlobalSection
	GlobalSection(ExtensibilityGlobals) = postSolution
		SolutionGuid = {27061066-60A6-46EC-B9E5-F41B0C30D5AB}
	EndGlobalSection
EndGlobal
