
Microsoft Visual Studio Solution File, Format Version 12.00
# Visual Studio Version 16
VisualStudioVersion = 16.0.33927.289
MinimumVisualStudioVersion = 10.0.40219.1
Project("{FAE04EC0-301F-11D3-BF4B-00C04F79EFBC}") = "SortedSet_Methods", "SortedSet_Methods.csproj", "{E4BD70EC-F458-4C33-A5B8-C22DFD32013A}"
EndProject
Global
	GlobalSection(SolutionConfigurationPlatforms) = preSolution
		Debug|Any CPU = Debug|Any CPU
		Release|Any CPU = Release|Any CPU
	EndGlobalSection
	GlobalSection(ProjectConfigurationPlatforms) = postSolution
		{E4BD70EC-F458-4C33-A5B8-C22DFD32013A}.Debug|Any CPU.ActiveCfg = Debug|Any CPU
		{E4BD70EC-F458-4C33-A5B8-C22DFD32013A}.Debug|Any CPU.Build.0 = Debug|Any CPU
		{E4BD70EC-F458-4C33-A5B8-C22DFD32013A}.Release|Any CPU.ActiveCfg = Release|Any CPU
		{E4BD70EC-F458-4C33-A5B8-C22DFD32013A}.Release|Any CPU.Build.0 = Release|Any CPU
	EndGlobalSection
	GlobalSection(SolutionProperties) = preSolution
		HideSolutionNode = FALSE
	EndGlobalSection
	GlobalSection(ExtensibilityGlobals) = postSolution
		SolutionGuid = {CA36AA79-2C5D-4D2B-B366-6FDFDA52147A}
	EndGlobalSection
EndGlobal
