
Microsoft Visual Studio Solution File, Format Version 12.00
# Visual Studio Version 16
VisualStudioVersion = 16.0.33927.289
MinimumVisualStudioVersion = 10.0.40219.1
Project("{FAE04EC0-301F-11D3-BF4B-00C04F79EFBC}") = "String_Methods", "String_Methods.csproj", "{84DD0878-B2A2-474F-85F2-80EAB0A2FC84}"
EndProject
Global
	GlobalSection(SolutionConfigurationPlatforms) = preSolution
		Debug|Any CPU = Debug|Any CPU
		Release|Any CPU = Release|Any CPU
	EndGlobalSection
	GlobalSection(ProjectConfigurationPlatforms) = postSolution
		{84DD0878-B2A2-474F-85F2-80EAB0A2FC84}.Debug|Any CPU.ActiveCfg = Debug|Any CPU
		{84DD0878-B2A2-474F-85F2-80EAB0A2FC84}.Debug|Any CPU.Build.0 = Debug|Any CPU
		{84DD0878-B2A2-474F-85F2-80EAB0A2FC84}.Release|Any CPU.ActiveCfg = Release|Any CPU
		{84DD0878-B2A2-474F-85F2-80EAB0A2FC84}.Release|Any CPU.Build.0 = Release|Any CPU
	EndGlobalSection
	GlobalSection(SolutionProperties) = preSolution
		HideSolutionNode = FALSE
	EndGlobalSection
	GlobalSection(ExtensibilityGlobals) = postSolution
		SolutionGuid = {32BA3270-3EE5-499A-AD54-B06BFD10F183}
	EndGlobalSection
EndGlobal
