
Microsoft Visual Studio Solution File, Format Version 12.00
# Visual Studio Version 16
VisualStudioVersion = 16.0.33927.289
MinimumVisualStudioVersion = 10.0.40219.1
Project("{FAE04EC0-301F-11D3-BF4B-00C04F79EFBC}") = "Overloading_Example", "Overloading_Example.csproj", "{E8F0B613-5934-4F00-9BCF-C154494DB0A7}"
EndProject
Global
	GlobalSection(SolutionConfigurationPlatforms) = preSolution
		Debug|Any CPU = Debug|Any CPU
		Release|Any CPU = Release|Any CPU
	EndGlobalSection
	GlobalSection(ProjectConfigurationPlatforms) = postSolution
		{E8F0B613-5934-4F00-9BCF-C154494DB0A7}.Debug|Any CPU.ActiveCfg = Debug|Any CPU
		{E8F0B613-5934-4F00-9BCF-C154494DB0A7}.Debug|Any CPU.Build.0 = Debug|Any CPU
		{E8F0B613-5934-4F00-9BCF-C154494DB0A7}.Release|Any CPU.ActiveCfg = Release|Any CPU
		{E8F0B613-5934-4F00-9BCF-C154494DB0A7}.Release|Any CPU.Build.0 = Release|Any CPU
	EndGlobalSection
	GlobalSection(SolutionProperties) = preSolution
		HideSolutionNode = FALSE
	EndGlobalSection
	GlobalSection(ExtensibilityGlobals) = postSolution
		SolutionGuid = {A653D900-E37B-4F4C-8C76-9C5D9EF57F14}
	EndGlobalSection
EndGlobal
