
Microsoft Visual Studio Solution File, Format Version 12.00
# Visual Studio Version 17
VisualStudioVersion = 17.7.34018.315
MinimumVisualStudioVersion = 10.0.40219.1
Project("{FAE04EC0-301F-11D3-BF4B-00C04F79EFBC}") = "Declarations_Assignments", "Declarations_Assignments\Declarations_Assignments.csproj", "{30E43088-D57E-428E-A5B1-47FAF07BC073}"
EndProject
Global
	GlobalSection(SolutionConfigurationPlatforms) = preSolution
		Debug|Any CPU = Debug|Any CPU
		Release|Any CPU = Release|Any CPU
	EndGlobalSection
	GlobalSection(ProjectConfigurationPlatforms) = postSolution
		{30E43088-D57E-428E-A5B1-47FAF07BC073}.Debug|Any CPU.ActiveCfg = Debug|Any CPU
		{30E43088-D57E-428E-A5B1-47FAF07BC073}.Debug|Any CPU.Build.0 = Debug|Any CPU
		{30E43088-D57E-428E-A5B1-47FAF07BC073}.Release|Any CPU.ActiveCfg = Release|Any CPU
		{30E43088-D57E-428E-A5B1-47FAF07BC073}.Release|Any CPU.Build.0 = Release|Any CPU
	EndGlobalSection
	GlobalSection(SolutionProperties) = preSolution
		HideSolutionNode = FALSE
	EndGlobalSection
	GlobalSection(ExtensibilityGlobals) = postSolution
		SolutionGuid = {1A6C5900-2547-4BA1-92B1-537E19F84FB2}
	EndGlobalSection
EndGlobal
