
Microsoft Visual Studio Solution File, Format Version 12.00
# Visual Studio Version 16
VisualStudioVersion = 16.0.33927.289
MinimumVisualStudioVersion = 10.0.40219.1
Project("{FAE04EC0-301F-11D3-BF4B-00C04F79EFBC}") = "Math_Methods", "Math_Methods.csproj", "{0CD49AB8-2F53-4C84-87E8-660805EC11E8}"
EndProject
Global
	GlobalSection(SolutionConfigurationPlatforms) = preSolution
		Debug|Any CPU = Debug|Any CPU
		Release|Any CPU = Release|Any CPU
	EndGlobalSection
	GlobalSection(ProjectConfigurationPlatforms) = postSolution
		{0CD49AB8-2F53-4C84-87E8-660805EC11E8}.Debug|Any CPU.ActiveCfg = Debug|Any CPU
		{0CD49AB8-2F53-4C84-87E8-660805EC11E8}.Debug|Any CPU.Build.0 = Debug|Any CPU
		{0CD49AB8-2F53-4C84-87E8-660805EC11E8}.Release|Any CPU.ActiveCfg = Release|Any CPU
		{0CD49AB8-2F53-4C84-87E8-660805EC11E8}.Release|Any CPU.Build.0 = Release|Any CPU
	EndGlobalSection
	GlobalSection(SolutionProperties) = preSolution
		HideSolutionNode = FALSE
	EndGlobalSection
	GlobalSection(ExtensibilityGlobals) = postSolution
		SolutionGuid = {AE367D79-30B7-4E0E-B849-9261790E795F}
	EndGlobalSection
EndGlobal
