
Microsoft Visual Studio Solution File, Format Version 12.00
# Visual Studio Version 16
VisualStudioVersion = 16.0.33927.289
MinimumVisualStudioVersion = 10.0.40219.1
Project("{FAE04EC0-301F-11D3-BF4B-00C04F79EFBC}") = "LinkedList_Methods", "LinkedList_Methods.csproj", "{26345A8E-325A-4591-A7B3-6D8928167DB1}"
EndProject
Global
	GlobalSection(SolutionConfigurationPlatforms) = preSolution
		Debug|Any CPU = Debug|Any CPU
		Release|Any CPU = Release|Any CPU
	EndGlobalSection
	GlobalSection(ProjectConfigurationPlatforms) = postSolution
		{26345A8E-325A-4591-A7B3-6D8928167DB1}.Debug|Any CPU.ActiveCfg = Debug|Any CPU
		{26345A8E-325A-4591-A7B3-6D8928167DB1}.Debug|Any CPU.Build.0 = Debug|Any CPU
		{26345A8E-325A-4591-A7B3-6D8928167DB1}.Release|Any CPU.ActiveCfg = Release|Any CPU
		{26345A8E-325A-4591-A7B3-6D8928167DB1}.Release|Any CPU.Build.0 = Release|Any CPU
	EndGlobalSection
	GlobalSection(SolutionProperties) = preSolution
		HideSolutionNode = FALSE
	EndGlobalSection
	GlobalSection(ExtensibilityGlobals) = postSolution
		SolutionGuid = {104632D5-2655-46A2-AD7A-73B83D5BE4E1}
	EndGlobalSection
EndGlobal
