
Microsoft Visual Studio Solution File, Format Version 12.00
# Visual Studio Version 16
VisualStudioVersion = 16.0.33927.289
MinimumVisualStudioVersion = 10.0.40219.1
Project("{FAE04EC0-301F-11D3-BF4B-00C04F79EFBC}") = "Stack_Methods", "Stack_Methods.csproj", "{CA0EA597-0CDE-4878-9ACD-3873E6DA3EFA}"
EndProject
Global
	GlobalSection(SolutionConfigurationPlatforms) = preSolution
		Debug|Any CPU = Debug|Any CPU
		Release|Any CPU = Release|Any CPU
	EndGlobalSection
	GlobalSection(ProjectConfigurationPlatforms) = postSolution
		{CA0EA597-0CDE-4878-9ACD-3873E6DA3EFA}.Debug|Any CPU.ActiveCfg = Debug|Any CPU
		{CA0EA597-0CDE-4878-9ACD-3873E6DA3EFA}.Debug|Any CPU.Build.0 = Debug|Any CPU
		{CA0EA597-0CDE-4878-9ACD-3873E6DA3EFA}.Release|Any CPU.ActiveCfg = Release|Any CPU
		{CA0EA597-0CDE-4878-9ACD-3873E6DA3EFA}.Release|Any CPU.Build.0 = Release|Any CPU
	EndGlobalSection
	GlobalSection(SolutionProperties) = preSolution
		HideSolutionNode = FALSE
	EndGlobalSection
	GlobalSection(ExtensibilityGlobals) = postSolution
		SolutionGuid = {53ED5165-EA6D-42C3-B0B4-F83904175969}
	EndGlobalSection
EndGlobal
